// !$*UTF8*$!
{
	archiveVersion = 1;
	classes = {
	};
	objectVersion = 46;
	objects = {

/* Begin PBXBuildFile section */
		414DA5861DB64B430072DE17 /* JP.png in Resources */ = {isa = PBXBuildFile; fileRef = 414DA5841DB64B430072DE17 /* JP.png */; };
		414DA5871DB64B430072DE17 /* US.png in Resources */ = {isa = PBXBuildFile; fileRef = 414DA5851DB64B430072DE17 /* US.png */; };
		41EB517A1DAF908E00C788B8 /* AppDelegate.swift in Sources */ = {isa = PBXBuildFile; fileRef = 41EB51791DAF908E00C788B8 /* AppDelegate.swift */; };
		41EB517C1DAF908E00C788B8 /* ViewController.swift in Sources */ = {isa = PBXBuildFile; fileRef = 41EB517B1DAF908E00C788B8 /* ViewController.swift */; };
		41EB517F1DAF908E00C788B8 /* Main.storyboard in Resources */ = {isa = PBXBuildFile; fileRef = 41EB517D1DAF908E00C788B8 /* Main.storyboard */; };
		41EB51811DAF908E00C788B8 /* Assets.xcassets in Resources */ = {isa = PBXBuildFile; fileRef = 41EB51801DAF908E00C788B8 /* Assets.xcassets */; };
		41EB51841DAF908E00C788B8 /* LaunchScreen.storyboard in Resources */ = {isa = PBXBuildFile; fileRef = 41EB51821DAF908E00C788B8 /* LaunchScreen.storyboard */; };
		41EB518C1DAF964E00C788B8 /* Rate.swift in Sources */ = {isa = PBXBuildFile; fileRef = 41EB518B1DAF964E00C788B8 /* Rate.swift */; };
		41EB518E1DAF9B0E00C788B8 /* RateViewController.swift in Sources */ = {isa = PBXBuildFile; fileRef = 41EB518D1DAF9B0E00C788B8 /* RateViewController.swift */; };
/* End PBXBuildFile section */

/* Begin PBXFileReference section */
		414DA5841DB64B430072DE17 /* JP.png */ = {isa = PBXFileReference; lastKnownFileType = image.png; name = JP.png; path = image/JP.png; sourceTree = "<group>"; };
		414DA5851DB64B430072DE17 /* US.png */ = {isa = PBXFileReference; lastKnownFileType = image.png; name = US.png; path = image/US.png; sourceTree = "<group>"; };
		41EB51761DAF908E00C788B8 /* conv_test.app */ = {isa = PBXFileReference; explicitFileType = wrapper.application; includeInIndex = 0; path = conv_test.app; sourceTree = BUILT_PRODUCTS_DIR; };
		41EB51791DAF908E00C788B8 /* AppDelegate.swift */ = {isa = PBXFileReference; lastKnownFileType = sourcecode.swift; path = AppDelegate.swift; sourceTree = "<group>"; };
		41EB517B1DAF908E00C788B8 /* ViewController.swift */ = {isa = PBXFileReference; lastKnownFileType = sourcecode.swift; path = ViewController.swift; sourceTree = "<group>"; };
		41EB517E1DAF908E00C788B8 /* Base */ = {isa = PBXFileReference; lastKnownFileType = file.storyboard; name = Base; path = Base.lproj/Main.storyboard; sourceTree = "<group>"; };
		41EB51801DAF908E00C788B8 /* Assets.xcassets */ = {isa = PBXFileReference; lastKnownFileType = folder.assetcatalog; path = Assets.xcassets; sourceTree = "<group>"; };
		41EB51831DAF908E00C788B8 /* Base */ = {isa = PBXFileReference; lastKnownFileType = file.storyboard; name = Base; path = Base.lproj/LaunchScreen.storyboard; sourceTree = "<group>"; };
		41EB51851DAF908E00C788B8 /* Info.plist */ = {isa = PBXFileReference; lastKnownFileType = text.plist.xml; path = Info.plist; sourceTree = "<group>"; };
		41EB518B1DAF964E00C788B8 /* Rate.swift */ = {isa = PBXFileReference; fileEncoding = 4; lastKnownFileType = sourcecode.swift; path = Rate.swift; sourceTree = "<group>"; };
		41EB518D1DAF9B0E00C788B8 /* RateViewController.swift */ = {isa = PBXFileReference; fileEncoding = 4; lastKnownFileType = sourcecode.swift; path = RateViewController.swift; sourceTree = "<group>"; };
/* End PBXFileReference section */

/* Begin PBXFrameworksBuildPhase section */
		41EB51731DAF908E00C788B8 /* Frameworks */ = {
			isa = PBXFrameworksBuildPhase;
			buildActionMask = 2147483647;
			files = (
			);
			runOnlyForDeploymentPostprocessing = 0;
		};
/* End PBXFrameworksBuildPhase section */

/* Begin PBXGroup section */
		414DA5831DB64B2D0072DE17 /* images */ = {
			isa = PBXGroup;
			children = (
				414DA5841DB64B430072DE17 /* JP.png */,
				414DA5851DB64B430072DE17 /* US.png */,
			);
			name = images;
			sourceTree = "<group>";
		};
		41EB516D1DAF908E00C788B8 = {
			isa = PBXGroup;
			children = (
				41EB51781DAF908E00C788B8 /* conv_test */,
				41EB51771DAF908E00C788B8 /* Products */,
			);
			sourceTree = "<group>";
		};
		41EB51771DAF908E00C788B8 /* Products */ = {
			isa = PBXGroup;
			children = (
				41EB51761DAF908E00C788B8 /* conv_test.app */,
			);
			name = Products;
			sourceTree = "<group>";
		};
		41EB51781DAF908E00C788B8 /* conv_test */ = {
			isa = PBXGroup;
			children = (
				41EB517D1DAF908E00C788B8 /* Main.storyboard */,
				41EB51791DAF908E00C788B8 /* AppDelegate.swift */,
				41EB517B1DAF908E00C788B8 /* ViewController.swift */,
				41EB518D1DAF9B0E00C788B8 /* RateViewController.swift */,
				41EB518B1DAF964E00C788B8 /* Rate.swift */,
				414DA5831DB64B2D0072DE17 /* images */,
				41EB51801DAF908E00C788B8 /* Assets.xcassets */,
				41EB51821DAF908E00C788B8 /* LaunchScreen.storyboard */,
				41EB51851DAF908E00C788B8 /* Info.plist */,
			);
			path = conv_test;
			sourceTree = "<group>";
		};
/* End PBXGroup section */

/* Begin PBXNativeTarget section */
		41EB51751DAF908E00C788B8 /* conv_test */ = {
			isa = PBXNativeTarget;
			buildConfigurationList = 41EB51881DAF908E00C788B8 /* Build configuration list for PBXNativeTarget "conv_test" */;
			buildPhases = (
				41EB51721DAF908E00C788B8 /* Sources */,
				41EB51731DAF908E00C788B8 /* Frameworks */,
				41EB51741DAF908E00C788B8 /* Resources */,
			);
			buildRules = (
			);
			dependencies = (
			);
			name = conv_test;
			productName = conv_test;
			productReference = 41EB51761DAF908E00C788B8 /* conv_test.app */;
			productType = "com.apple.product-type.application";
		};
/* End PBXNativeTarget section */

/* Begin PBXProject section */
		41EB516E1DAF908E00C788B8 /* Project object */ = {
			isa = PBXProject;
			attributes = {
				LastSwiftUpdateCheck = 0800;
				LastUpgradeCheck = 0800;
				ORGANIZATIONNAME = kyasu;
				TargetAttributes = {
					41EB51751DAF908E00C788B8 = {
						CreatedOnToolsVersion = 8.0;
						ProvisioningStyle = Manual;
					};
				};
			};
			buildConfigurationList = 41EB51711DAF908E00C788B8 /* Build configuration list for PBXProject "conv_test" */;
			compatibilityVersion = "Xcode 3.2";
			developmentRegion = English;
			hasScannedForEncodings = 0;
			knownRegions = (
				en,
				Base,
			);
			mainGroup = 41EB516D1DAF908E00C788B8;
			productRefGroup = 41EB51771DAF908E00C788B8 /* Products */;
			projectDirPath = "";
			projectRoot = "";
			targets = (
				41EB51751DAF908E00C788B8 /* conv_test */,
			);
		};
/* End PBXProject section */

/* Begin PBXResourcesBuildPhase section */
		41EB51741DAF908E00C788B8 /* Resources */ = {
			isa = PBXResourcesBuildPhase;
			buildActionMask = 2147483647;
			files = (
				414DA5871DB64B430072DE17 /* US.png in Resources */,
				41EB51841DAF908E00C788B8 /* LaunchScreen.storyboard in Resources */,
				41EB51811DAF908E00C788B8 /* Assets.xcassets in Resources */,
				41EB517F1DAF908E00C788B8 /* Main.storyboard in Resources */,
				414DA5861DB64B430072DE17 /* JP.png in Resources */,
			);
			runOnlyForDeploymentPostprocessing = 0;
		};
/* End PBXResourcesBuildPhase section */

/* Begin PBXSourcesBuildPhase section */
		41EB51721DAF908E00C788B8 /* Sources */ = {
			isa = PBXSourcesBuildPhase;
			buildActionMask = 2147483647;
			files = (
				41EB518C1DAF964E00C788B8 /* Rate.swift in Sources */,
				41EB517C1DAF908E00C788B8 /* ViewController.swift in Sources */,
				41EB518E1DAF9B0E00C788B8 /* RateViewController.swift in Sources */,
				41EB517A1DAF908E00C788B8 /* AppDelegate.swift in Sources */,
			);
			runOnlyForDeploymentPostprocessing = 0;
		};
/* End PBXSourcesBuildPhase section */

/* Begin PBXVariantGroup section */
		41EB517D1DAF908E00C788B8 /* Main.storyboard */ = {
			isa = PBXVariantGroup;
			children = (
				41EB517E1DAF908E00C788B8 /* Base */,
			);
			name = Main.storyboard;
			sourceTree = "<group>";
		};
		41EB51821DAF908E00C788B8 /* LaunchScreen.storyboard */ = {
			isa = PBXVariantGroup;
			children = (
				41EB51831DAF908E00C788B8 /* Base */,
			);
			name = LaunchScreen.storyboard;
			sourceTree = "<group>";
		};
/* End PBXVariantGroup section */

/* Begin XCBuildConfiguration section */
		41EB51861DAF908E00C788B8 /* Debug */ = {
			isa = XCBuildConfiguration;
			buildSettings = {
				ALWAYS_SEARCH_USER_PATHS = NO;
				CLANG_ANALYZER_NONNULL = YES;
				CLANG_CXX_LANGUAGE_STANDARD = "gnu++0x";
				CLANG_CXX_LIBRARY = "libc++";
				CLANG_ENABLE_MODULES = YES;
				CLANG_ENABLE_OBJC_ARC = YES;
				CLANG_WARN_BOOL_CONVERSION = YES;
				CLANG_WARN_CONSTANT_CONVERSION = YES;
				CLANG_WARN_DIRECT_OBJC_ISA_USAGE = YES_ERROR;
				CLANG_WARN_DOCUMENTATION_COMMENTS = YES;
				CLANG_WARN_EMPTY_BODY = YES;
				CLANG_WARN_ENUM_CONVERSION = YES;
				CLANG_WARN_INFINITE_RECURSION = YES;
				CLANG_WARN_INT_CONVERSION = YES;
				CLANG_WARN_OBJC_ROOT_CLASS = YES_ERROR;
				CLANG_WARN_SUSPICIOUS_MOVES = YES;
				CLANG_WARN_UNREACHABLE_CODE = YES;
				CLANG_WARN__DUPLICATE_METHOD_MATCH = YES;
				"CODE_SIGN_IDENTITY[sdk=iphoneos*]" = "iPhone Developer";
				COPY_PHASE_STRIP = NO;
				DEBUG_INFORMATION_FORMAT = dwarf;
				ENABLE_STRICT_OBJC_MSGSEND = YES;
				ENABLE_TESTABILITY = YES;
				GCC_C_LANGUAGE_STANDARD = gnu99;
				GCC_DYNAMIC_NO_PIC = NO;
				GCC_NO_COMMON_BLOCKS = YES;
				GCC_OPTIMIZATION_LEVEL = 0;
				GCC_PREPROCESSOR_DEFINITIONS = (
					"DEBUG=1",
					"$(inherited)",
				);
				GCC_WARN_64_TO_32_BIT_CONVERSION = YES;
				GCC_WARN_ABOUT_RETURN_TYPE = YES_ERROR;
				GCC_WARN_UNDECLARED_SELECTOR = YES;
				GCC_WARN_UNINITIALIZED_AUTOS = YES_AGGRESSIVE;
				GCC_WARN_UNUSED_FUNCTION = YES;
				GCC_WARN_UNUSED_VARIABLE = YES;
				IPHONEOS_DEPLOYMENT_TARGET = 10.0;
				MTL_ENABLE_DEBUG_INFO = YES;
				ONLY_ACTIVE_ARCH = YES;
				SDKROOT = iphoneos;
				SWIFT_ACTIVE_COMPILATION_CONDITIONS = DEBUG;
				SWIFT_OPTIMIZATION_LEVEL = "-Onone";
			};
			name = Debug;
		};
		41EB51871DAF908E00C788B8 /* Release */ = {
			isa = XCBuildConfiguration;
			buildSettings = {
				ALWAYS_SEARCH_USER_PATHS = NO;
				CLANG_ANALYZER_NONNULL = YES;
				CLANG_CXX_LANGUAGE_STANDARD = "gnu++0x";
				CLANG_CXX_LIBRARY = "libc++";
				CLANG_ENABLE_MODULES = YES;
				CLANG_ENABLE_OBJC_ARC = YES;
				CLANG_WARN_BOOL_CONVERSION = YES;
				CLANG_WARN_CONSTANT_CONVERSION = YES;
				CLANG_WARN_DIRECT_OBJC_ISA_USAGE = YES_ERROR;
				CLANG_WARN_DOCUMENTATION_COMMENTS = YES;
				CLANG_WARN_EMPTY_BODY = YES;
				CLANG_WARN_ENUM_CONVERSION = YES;
				CLANG_WARN_INFINITE_RECURSION = YES;
				CLANG_WARN_INT_CONVERSION = YES;
				CLANG_WARN_OBJC_ROOT_CLASS = YES_ERROR;
				CLANG_WARN_SUSPICIOUS_MOVES = YES;
				CLANG_WARN_UNREACHABLE_CODE = YES;
				CLANG_WARN__DUPLICATE_METHOD_MATCH = YES;
				"CODE_SIGN_IDENTITY[sdk=iphoneos*]" = "iPhone Developer";
				COPY_PHASE_STRIP = NO;
				DEBUG_INFORMATION_FORMAT = "dwarf-with-dsym";
				ENABLE_NS_ASSERTIONS = NO;
				ENABLE_STRICT_OBJC_MSGSEND = YES;
				GCC_C_LANGUAGE_STANDARD = gnu99;
				GCC_NO_COMMON_BLOCKS = YES;
				GCC_WARN_64_TO_32_BIT_CONVERSION = YES;
				GCC_WARN_ABOUT_RETURN_TYPE = YES_ERROR;
				GCC_WARN_UNDECLARED_SELECTOR = YES;
				GCC_WARN_UNINITIALIZED_AUTOS = YES_AGGRESSIVE;
				GCC_WARN_UNUSED_FUNCTION = YES;
				GCC_WARN_UNUSED_VARIABLE = YES;
				IPHONEOS_DEPLOYMENT_TARGET = 10.0;
				MTL_ENABLE_DEBUG_INFO = NO;
				SDKROOT = iphoneos;
				SWIFT_OPTIMIZATION_LEVEL = "-Owholemodule";
				VALIDATE_PRODUCT = YES;
			};
			name = Release;
		};
		41EB51891DAF908E00C788B8 /* Debug */ = {
			isa = XCBuildConfiguration;
			buildSettings = {
				ASSETCATALOG_COMPILER_APPICON_NAME = AppIcon;
				"CODE_SIGN_IDENTITY[sdk=iphoneos*]" = "iPhone Developer";
				DEVELOPMENT_TEAM = "";
				INFOPLIST_FILE = conv_test/Info.plist;
				LD_RUNPATH_SEARCH_PATHS = "$(inherited) @executable_path/Frameworks";
				PRODUCT_BUNDLE_IDENTIFIER = "kyasusoft.com.conv-test";
				PRODUCT_NAME = "$(TARGET_NAME)";
				PROVISIONING_PROFILE = "";
				PROVISIONING_PROFILE_SPECIFIER = "";
				SWIFT_VERSION = 3.0;
			};
			name = Debug;
		};
		41EB518A1DAF908E00C788B8 /* Release */ = {
			isa = XCBuildConfiguration;
			buildSettings = {
				ASSETCATALOG_COMPILER_APPICON_NAME = AppIcon;
				"CODE_SIGN_IDENTITY[sdk=iphoneos*]" = "iPhone Developer";
				DEVELOPMENT_TEAM = "";
				INFOPLIST_FILE = conv_test/Info.plist;
				LD_RUNPATH_SEARCH_PATHS = "$(inherited) @executable_path/Frameworks";
				PRODUCT_BUNDLE_IDENTIFIER = "kyasusoft.com.conv-test";
				PRODUCT_NAME = "$(TARGET_NAME)";
				SWIFT_VERSION = 3.0;
			};
			name = Release;
		};
/* End XCBuildConfiguration section */

/* Begin XCConfigurationList section */
		41EB51711DAF908E00C788B8 /* Build configuration list for PBXProject "conv_test" */ = {
			isa = XCConfigurationList;
			buildConfigurations = (
				41EB51861DAF908E00C788B8 /* Debug */,
				41EB51871DAF908E00C788B8 /* Release */,
			);
			defaultConfigurationIsVisible = 0;
			defaultConfigurationName = Release;
		};
		41EB51881DAF908E00C788B8 /* Build configuration list for PBXNativeTarget "conv_test" */ = {
			isa = XCConfigurationList;
			buildConfigurations = (
				41EB51891DAF908E00C788B8 /* Debug */,
				41EB518A1DAF908E00C788B8 /* Release */,
			);
			defaultConfigurationIsVisible = 0;
			defaultConfigurationName = Release;
		};
/* End XCConfigurationList section */
	};
	rootObject = 41EB516E1DAF908E00C788B8 /* Project object */;
}
